<?xml version="1.0" encoding="utf-8"?>
<Project ToolsVersion="4.0" xmlns="http://schemas.microsoft.com/developer/msbuild/2003">
  <ItemGroup>
    <Filter Include="소스 파일">
      <UniqueIdentifier>{4FC737F1-C7A5-4376-A066-2A32D752A2FF}</UniqueIdentifier>
      <Extensions>cpp;c;cc;cxx;c++;cppm;ixx;def;odl;idl;hpj;bat;asm;asmx</Extensions>
    </Filter>
    <Filter Include="헤더 파일">
      <UniqueIdentifier>{93995380-89BD-4b04-88EB-625FBE52EBFB}</UniqueIdentifier>
      <Extensions>h;hh;hpp;hxx;h++;hm;inl;inc;ipp;xsd</Extensions>
    </Filter>
    <Filter Include="리소스 파일">
      <UniqueIdentifier>{67DA6AB6-F800-4c08-8B7A-83BB121AAD01}</UniqueIdentifier>
      <Extensions>rc;ico;cur;bmp;dlg;rc2;rct;bin;rgs;gif;jpg;jpeg;jpe;resx;tiff;tif;png;wav;mfcribbon-ms</Extensions>
    </Filter>
    <Filter Include="00. WINAPI">
      <UniqueIdentifier>{a921d8d7-412d-4ae5-92cd-88eb65e28e78}</UniqueIdentifier>
    </Filter>
    <Filter Include="01. Core">
      <UniqueIdentifier>{b9728c32-e222-48e2-9512-503533327ebc}</UniqueIdentifier>
    </Filter>
    <Filter Include="01. Core\00. GameObject">
      <UniqueIdentifier>{838cb436-21eb-44ee-bc9a-c3813eb08ca8}</UniqueIdentifier>
    </Filter>
    <Filter Include="01. Core\01. Scene">
      <UniqueIdentifier>{efdeca5e-dc39-4159-b4d8-001b2e552723}</UniqueIdentifier>
    </Filter>
    <Filter Include="01. Core\02. Component">
      <UniqueIdentifier>{f0f6eb4a-a64a-4be2-80b2-097e90640711}</UniqueIdentifier>
    </Filter>
    <Filter Include="01. Core\02. Component\00. Transform">
      <UniqueIdentifier>{95e7e4c9-d403-408a-9594-337a99c850b9}</UniqueIdentifier>
    </Filter>
    <Filter Include="01. Core\02. Component\01. Behavior">
      <UniqueIdentifier>{43a274d1-0395-4d57-b460-bfc3ef5af166}</UniqueIdentifier>
    </Filter>
    <Filter Include="01. Core\02. Component\02. MonoBehaviour">
      <UniqueIdentifier>{29f72710-bca8-4a62-8758-b253b71a9056}</UniqueIdentifier>
    </Filter>
    <Filter Include="01. Core\03. Manager">
      <UniqueIdentifier>{896e0ec7-2b4a-4d4d-ae51-7a2b08ba15ce}</UniqueIdentifier>
    </Filter>
    <Filter Include="01. Core\03. Manager\00. MonoBehaviour">
      <UniqueIdentifier>{9f22f084-2329-4896-b118-a86e44ef6093}</UniqueIdentifier>
    </Filter>
    <Filter Include="01. Core\03. Manager\01. GameObject">
      <UniqueIdentifier>{0035be2c-be48-48a6-8465-b2a2870de27e}</UniqueIdentifier>
    </Filter>
    <Filter Include="01. Core\02. Component\03. Rigidbody">
      <UniqueIdentifier>{43130ccb-5d8f-4c79-a364-8d1bcc3d8665}</UniqueIdentifier>
    </Filter>
    <Filter Include="01. Core\03. Manager\02. Physics">
      <UniqueIdentifier>{3e6812e9-4e8c-4a3a-bf58-bab786b61436}</UniqueIdentifier>
    </Filter>
    <Filter Include="01. Core\03. Manager\03. Time">
      <UniqueIdentifier>{0907c513-d9c2-45ab-b4a5-d7d92a3c493d}</UniqueIdentifier>
    </Filter>
    <Filter Include="01. Core\02. Component\04. Collider2D">
      <UniqueIdentifier>{1f67aeaf-00ae-4377-aaab-d44141d8c785}</UniqueIdentifier>
    </Filter>
    <Filter Include="01. Core\02. Component\04. Collider2D\00. Box">
      <UniqueIdentifier>{c077af74-0872-4827-8d3e-8915d4f1de40}</UniqueIdentifier>
    </Filter>
    <Filter Include="01. Core\02. Component\04. Collider2D\01. Edge">
      <UniqueIdentifier>{a593a7db-995f-4969-9cfe-3cf87a838311}</UniqueIdentifier>
    </Filter>
    <Filter Include="01. Core\03. Manager\04. Collision">
      <UniqueIdentifier>{f3ceeca1-e61f-42dc-9a19-e0bbeb30f082}</UniqueIdentifier>
    </Filter>
    <Filter Include="02. Scripts">
      <UniqueIdentifier>{a8504544-a9ff-4d78-bb4f-6e124f11833f}</UniqueIdentifier>
    </Filter>
    <Filter Include="02. Scripts\00. Scene">
      <UniqueIdentifier>{a0efa8a9-2799-4926-a0fa-d16acb03dd03}</UniqueIdentifier>
    </Filter>
    <Filter Include="02. Scripts\01. GameObject">
      <UniqueIdentifier>{8492a67f-cc9c-469a-8ced-5f4fa53a4308}</UniqueIdentifier>
    </Filter>
    <Filter Include="02. Scripts\02. Monobehaviour">
      <UniqueIdentifier>{f65a4389-6601-4296-8e91-b985bce0888f}</UniqueIdentifier>
    </Filter>
    <Filter Include="01. Core\03. Manager\05. Scene">
      <UniqueIdentifier>{d61e6d28-f857-42fc-82bf-228f18ebc9e3}</UniqueIdentifier>
    </Filter>
    <Filter Include="01. Core\02. Component\05. Renderer">
      <UniqueIdentifier>{e35b08a9-12dd-4fdc-a043-0a5230795410}</UniqueIdentifier>
    </Filter>
    <Filter Include="01. Core\03. Manager\06. Render">
      <UniqueIdentifier>{d374f2d3-4847-4e01-b71d-e581760f7b53}</UniqueIdentifier>
    </Filter>
    <Filter Include="01. Core\03. Manager\07. Bitmap">
      <UniqueIdentifier>{9d00c1c4-3f66-426e-8658-da1e28b3aa52}</UniqueIdentifier>
    </Filter>
    <Filter Include="01. Core\02. Component\06. Animator">
      <UniqueIdentifier>{824f452d-d13e-4e5c-9cf3-18e02858be34}</UniqueIdentifier>
    </Filter>
    <Filter Include="01. Core\03. Manager\08. Animation">
      <UniqueIdentifier>{8f98f2a9-195a-4044-844c-28f63cd012bd}</UniqueIdentifier>
    </Filter>
    <Filter Include="02. Scripts\03. Player">
      <UniqueIdentifier>{f05ee970-28d3-4432-bcf4-447e385298f0}</UniqueIdentifier>
    </Filter>
    <Filter Include="02. Scripts\03. Player\00. GameObject">
      <UniqueIdentifier>{1ab84066-38de-4295-82d3-03ed1fb414b2}</UniqueIdentifier>
    </Filter>
    <Filter Include="02. Scripts\03. Player\01. State">
      <UniqueIdentifier>{bb0da5f8-dc2e-4b42-bda5-287efa1640f2}</UniqueIdentifier>
    </Filter>
    <Filter Include="01. Core\03. Manager\09. Key">
      <UniqueIdentifier>{be7d4002-6686-44ff-8d6e-f6ffdd99cf92}</UniqueIdentifier>
    </Filter>
    <Filter Include="02. Scripts\03. Player\01. State\00. Idle">
      <UniqueIdentifier>{82b9a013-dcf4-464b-80b1-0a225f48f6cc}</UniqueIdentifier>
    </Filter>
    <Filter Include="02. Scripts\03. Player\01. State\01. Run">
      <UniqueIdentifier>{b94f860a-326a-4926-a821-4e7ce43e4293}</UniqueIdentifier>
    </Filter>
    <Filter Include="02. Scripts\04. MajorBossRoom">
      <UniqueIdentifier>{5951fb8e-2f0f-4420-a499-f16af36b023e}</UniqueIdentifier>
    </Filter>
    <Filter Include="02. Scripts\05. FireBird">
      <UniqueIdentifier>{c50dfe2a-9876-4404-8e23-d1d5f2fbb532}</UniqueIdentifier>
    </Filter>
  </ItemGroup>
  <ItemGroup>
    <ClInclude Include="APIProject.h">
      <Filter>00. WINAPI</Filter>
    </ClInclude>
    <ClInclude Include="framework.h">
      <Filter>00. WINAPI</Filter>
    </ClInclude>
    <ClInclude Include="Resource.h">
      <Filter>00. WINAPI</Filter>
    </ClInclude>
    <ClInclude Include="targetver.h">
      <Filter>00. WINAPI</Filter>
    </ClInclude>
    <ClInclude Include="Core.h">
      <Filter>01. Core</Filter>
    </ClInclude>
    <ClInclude Include="Vector2.h">
      <Filter>01. Core</Filter>
    </ClInclude>
    <ClInclude Include="Define.h">
      <Filter>01. Core</Filter>
    </ClInclude>
    <ClInclude Include="GameObject.h">
      <Filter>01. Core\00. GameObject</Filter>
    </ClInclude>
    <ClInclude Include="Scene.h">
      <Filter>01. Core\01. Scene</Filter>
    </ClInclude>
    <ClInclude Include="Component.h">
      <Filter>01. Core\02. Component</Filter>
    </ClInclude>
    <ClInclude Include="Transform.h">
      <Filter>01. Core\02. Component\00. Transform</Filter>
    </ClInclude>
    <ClInclude Include="Behaviour.h">
      <Filter>01. Core\02. Component\01. Behavior</Filter>
    </ClInclude>
    <ClInclude Include="MonoBehaviour.h">
      <Filter>01. Core\02. Component\02. MonoBehaviour</Filter>
    </ClInclude>
    <ClInclude Include="MonoBehaviourManager.h">
      <Filter>01. Core\03. Manager\00. MonoBehaviour</Filter>
    </ClInclude>
    <ClInclude Include="GameObjectManager.h">
      <Filter>01. Core\03. Manager\01. GameObject</Filter>
    </ClInclude>
    <ClInclude Include="Rigidbody.h">
      <Filter>01. Core\02. Component\03. Rigidbody</Filter>
    </ClInclude>
    <ClInclude Include="PhysicsManager.h">
      <Filter>01. Core\03. Manager\02. Physics</Filter>
    </ClInclude>
    <ClInclude Include="TimeManager.h">
      <Filter>01. Core\03. Manager\03. Time</Filter>
    </ClInclude>
    <ClInclude Include="Collider.h">
      <Filter>01. Core\02. Component\04. Collider2D</Filter>
    </ClInclude>
    <ClInclude Include="BoxCollider.h">
      <Filter>01. Core\02. Component\04. Collider2D\00. Box</Filter>
    </ClInclude>
    <ClInclude Include="EdgeCollider.h">
      <Filter>01. Core\02. Component\04. Collider2D\01. Edge</Filter>
    </ClInclude>
    <ClInclude Include="pch.h">
      <Filter>헤더 파일</Filter>
    </ClInclude>
    <ClInclude Include="Collision.h">
      <Filter>01. Core\02. Component\04. Collider2D</Filter>
    </ClInclude>
    <ClInclude Include="CollisionManager.h">
      <Filter>01. Core\03. Manager\04. Collision</Filter>
    </ClInclude>
    <ClInclude Include="SceneManager.h">
      <Filter>01. Core\03. Manager\05. Scene</Filter>
    </ClInclude>
    <ClInclude Include="TitleScene.h">
      <Filter>02. Scripts\00. Scene</Filter>
    </ClInclude>
    <ClInclude Include="RenderManager.h">
      <Filter>01. Core\03. Manager\06. Render</Filter>
    </ClInclude>
    <ClInclude Include="SpriteRenderer.h">
      <Filter>01. Core\02. Component\05. Renderer</Filter>
    </ClInclude>
    <ClInclude Include="Bitmap.h">
      <Filter>01. Core\03. Manager\07. Bitmap</Filter>
    </ClInclude>
    <ClInclude Include="BitMapManager.h">
      <Filter>01. Core\03. Manager\07. Bitmap</Filter>
    </ClInclude>
    <ClInclude Include="Animator.h">
      <Filter>01. Core\02. Component\06. Animator</Filter>
    </ClInclude>
    <ClInclude Include="AnimatorManager.h">
      <Filter>01. Core\03. Manager\08. Animation</Filter>
    </ClInclude>
    <ClInclude Include="Player.h">
      <Filter>02. Scripts\03. Player</Filter>
    </ClInclude>
    <ClInclude Include="PlayerObject.h">
      <Filter>02. Scripts\03. Player\00. GameObject</Filter>
    </ClInclude>
    <ClInclude Include="State.h">
      <Filter>02. Scripts\03. Player\01. State</Filter>
    </ClInclude>
    <ClInclude Include="KeyManager.h">
      <Filter>01. Core\03. Manager\09. Key</Filter>
    </ClInclude>
    <ClInclude Include="IdleState.h">
      <Filter>02. Scripts\03. Player\01. State\00. Idle</Filter>
    </ClInclude>
    <ClInclude Include="RunState.h">
      <Filter>02. Scripts\03. Player\01. State\01. Run</Filter>
    </ClInclude>
    <ClInclude Include="StateMachine.h">
      <Filter>02. Scripts\03. Player\01. State</Filter>
    </ClInclude>
    <ClInclude Include="MajorBossRoomScene.h">
      <Filter>02. Scripts\04. MajorBossRoom</Filter>
    </ClInclude>
    <ClInclude Include="MajorBossRoomBG.h">
      <Filter>02. Scripts\04. MajorBossRoom</Filter>
    </ClInclude>
    <ClInclude Include="MajorBossRoomClockIdle.h">
      <Filter>02. Scripts\04. MajorBossRoom</Filter>
    </ClInclude>
    <ClInclude Include="MajorBossRoomFront.h">
      <Filter>02. Scripts\04. MajorBossRoom</Filter>
    </ClInclude>
    <ClInclude Include="Platform.h">
      <Filter>헤더 파일</Filter>
    </ClInclude>
    <ClInclude Include="ImageManager.h">
      <Filter>헤더 파일</Filter>
    </ClInclude>
    <ClInclude Include="Image.h">
      <Filter>헤더 파일</Filter>
    </ClInclude>
    <ClInclude Include="EnemyObject.h">
      <Filter>헤더 파일</Filter>
    </ClInclude>
    <ClInclude Include="GrabObject.h">
      <Filter>헤더 파일</Filter>
    </ClInclude>
    <ClInclude Include="Grab.h">
      <Filter>헤더 파일</Filter>
    </ClInclude>
    <ClInclude Include="PlatformObject.h">
      <Filter>헤더 파일</Filter>
    </ClInclude>
    <ClInclude Include="Camera.h">
      <Filter>헤더 파일</Filter>
    </ClInclude>
    <ClInclude Include="AnimationCurve.h">
      <Filter>헤더 파일</Filter>
    </ClInclude>
    <ClInclude Include="FireBirdScene.h">
      <Filter>02. Scripts\05. FireBird</Filter>
    </ClInclude>
    <ClInclude Include="FireBirdBGObject.h">
      <Filter>헤더 파일</Filter>
    </ClInclude>
    <ClInclude Include="ScrollBG.h">
      <Filter>헤더 파일</Filter>
    </ClInclude>
    <ClInclude Include="ScrollBGObject.h">
      <Filter>헤더 파일</Filter>
    </ClInclude>
    <ClInclude Include="JumpState.h">
      <Filter>02. Scripts\03. Player\01. State</Filter>
    </ClInclude>
    <ClInclude Include="ClimbingState.h">
      <Filter>02. Scripts\03. Player\01. State</Filter>
    </ClInclude>
    <ClInclude Include="ChargeDashState.h">
      <Filter>02. Scripts\03. Player\01. State</Filter>
    </ClInclude>
    <ClInclude Include="ExcDashState.h">
      <Filter>02. Scripts\03. Player\01. State</Filter>
    </ClInclude>
    <ClInclude Include="ExcState.h">
      <Filter>02. Scripts\03. Player\01. State</Filter>
    </ClInclude>
    <ClInclude Include="SwingState.h">
      <Filter>02. Scripts\03. Player\01. State</Filter>
    </ClInclude>
    <ClInclude Include="SwingJumpState.h">
      <Filter>02. Scripts\03. Player\01. State</Filter>
    </ClInclude>
    <ClInclude Include="FireBirdBGMid01Object.h">
      <Filter>헤더 파일</Filter>
    </ClInclude>
    <ClInclude Include="FireBirdBGMid02Object.h">
      <Filter>헤더 파일</Filter>
    </ClInclude>
    <ClInclude Include="Fade.h">
      <Filter>헤더 파일</Filter>
    </ClInclude>
    <ClInclude Include="FireBirdPlatformObj.h">
      <Filter>헤더 파일</Filter>
    </ClInclude>
    <ClInclude Include="FireBirdManager.h">
      <Filter>헤더 파일</Filter>
    </ClInclude>
    <ClInclude Include="ChargeDashAttackState.h">
      <Filter>헤더 파일</Filter>
    </ClInclude>
    <ClInclude Include="FireBirdPlatform.h">
      <Filter>헤더 파일</Filter>
    </ClInclude>
    <ClInclude Include="FireBird.h">
      <Filter>헤더 파일</Filter>
    </ClInclude>
    <ClInclude Include="FireBirdObj.h">
      <Filter>헤더 파일</Filter>
    </ClInclude>
    <ClInclude Include="WingObj.h">
      <Filter>헤더 파일</Filter>
    </ClInclude>
    <ClInclude Include="FireBirdWing.h">
      <Filter>헤더 파일</Filter>
    </ClInclude>
  </ItemGroup>
  <ItemGroup>
    <ClCompile Include="pch.cpp">
      <Filter>소스 파일</Filter>
    </ClCompile>
    <ClCompile Include="APIProject.cpp">
      <Filter>00. WINAPI</Filter>
    </ClCompile>
    <ClCompile Include="Core.cpp">
      <Filter>01. Core</Filter>
    </ClCompile>
    <ClCompile Include="GameObject.cpp">
      <Filter>01. Core\00. GameObject</Filter>
    </ClCompile>
    <ClCompile Include="Scene.cpp">
      <Filter>01. Core\01. Scene</Filter>
    </ClCompile>
    <ClCompile Include="Component.cpp">
      <Filter>01. Core\02. Component</Filter>
    </ClCompile>
    <ClCompile Include="MonoBehaviourManager.cpp">
      <Filter>01. Core\03. Manager\00. MonoBehaviour</Filter>
    </ClCompile>
    <ClCompile Include="GameObjectManager.cpp">
      <Filter>01. Core\03. Manager\01. GameObject</Filter>
    </ClCompile>
    <ClCompile Include="MonoBehaviour.cpp">
      <Filter>01. Core\02. Component\02. MonoBehaviour</Filter>
    </ClCompile>
    <ClCompile Include="Rigidbody.cpp">
      <Filter>01. Core\02. Component\03. Rigidbody</Filter>
    </ClCompile>
    <ClCompile Include="PhysicsManager.cpp">
      <Filter>01. Core\03. Manager\02. Physics</Filter>
    </ClCompile>
    <ClCompile Include="TimeManager.cpp">
      <Filter>01. Core\03. Manager\03. Time</Filter>
    </ClCompile>
    <ClCompile Include="Collider.cpp">
      <Filter>01. Core\02. Component\04. Collider2D</Filter>
    </ClCompile>
    <ClCompile Include="BoxCollider.cpp">
      <Filter>01. Core\02. Component\04. Collider2D\00. Box</Filter>
    </ClCompile>
    <ClCompile Include="EdgeCollider.cpp">
      <Filter>01. Core\02. Component\04. Collider2D\01. Edge</Filter>
    </ClCompile>
    <ClCompile Include="Collision.cpp">
      <Filter>01. Core\02. Component\04. Collider2D</Filter>
    </ClCompile>
    <ClCompile Include="CollisionManager.cpp">
      <Filter>01. Core\03. Manager\04. Collision</Filter>
    </ClCompile>
    <ClCompile Include="SceneManager.cpp">
      <Filter>01. Core\03. Manager\05. Scene</Filter>
    </ClCompile>
    <ClCompile Include="TitleScene.cpp">
      <Filter>02. Scripts\00. Scene</Filter>
    </ClCompile>
    <ClCompile Include="RenderManager.cpp">
      <Filter>01. Core\03. Manager\06. Render</Filter>
    </ClCompile>
    <ClCompile Include="SpriteRenderer.cpp">
      <Filter>01. Core\02. Component\05. Renderer</Filter>
    </ClCompile>
    <ClCompile Include="Bitmap.cpp">
      <Filter>01. Core\03. Manager\07. Bitmap</Filter>
    </ClCompile>
    <ClCompile Include="BitMapManager.cpp">
      <Filter>01. Core\03. Manager\07. Bitmap</Filter>
    </ClCompile>
    <ClCompile Include="Animator.cpp">
      <Filter>01. Core\02. Component\06. Animator</Filter>
    </ClCompile>
    <ClCompile Include="AnimatorManager.cpp">
      <Filter>01. Core\03. Manager\08. Animation</Filter>
    </ClCompile>
    <ClCompile Include="Player.cpp">
      <Filter>02. Scripts\03. Player</Filter>
    </ClCompile>
    <ClCompile Include="PlayerObject.cpp">
      <Filter>02. Scripts\03. Player\00. GameObject</Filter>
    </ClCompile>
    <ClCompile Include="State.cpp">
      <Filter>02. Scripts\03. Player\01. State</Filter>
    </ClCompile>
    <ClCompile Include="KeyManager.cpp">
      <Filter>01. Core\03. Manager\09. Key</Filter>
    </ClCompile>
    <ClCompile Include="IdleState.cpp">
      <Filter>02. Scripts\03. Player\01. State\00. Idle</Filter>
    </ClCompile>
    <ClCompile Include="RunState.cpp">
      <Filter>02. Scripts\03. Player\01. State\01. Run</Filter>
    </ClCompile>
    <ClCompile Include="StateMachine.cpp">
      <Filter>02. Scripts\03. Player\01. State</Filter>
    </ClCompile>
    <ClCompile Include="MajorBossRoomScene.cpp">
      <Filter>02. Scripts\04. MajorBossRoom</Filter>
    </ClCompile>
    <ClCompile Include="MajorBossRoomFront.cpp">
      <Filter>02. Scripts\04. MajorBossRoom</Filter>
    </ClCompile>
    <ClCompile Include="MajorBossRoomBG.cpp">
      <Filter>02. Scripts\04. MajorBossRoom</Filter>
    </ClCompile>
    <ClCompile Include="MajorBossRoomClockIdle.cpp">
      <Filter>02. Scripts\04. MajorBossRoom</Filter>
    </ClCompile>
    <ClCompile Include="Platform.cpp">
      <Filter>소스 파일</Filter>
    </ClCompile>
    <ClCompile Include="ImageManager.cpp">
      <Filter>소스 파일</Filter>
    </ClCompile>
    <ClCompile Include="Image.cpp">
      <Filter>소스 파일</Filter>
    </ClCompile>
    <ClCompile Include="EnemyObject.cpp">
      <Filter>소스 파일</Filter>
    </ClCompile>
    <ClCompile Include="GrabObject.cpp">
      <Filter>소스 파일</Filter>
    </ClCompile>
    <ClCompile Include="Grab.cpp">
      <Filter>소스 파일</Filter>
    </ClCompile>
    <ClCompile Include="PlatformObject.cpp">
      <Filter>소스 파일</Filter>
    </ClCompile>
    <ClCompile Include="Camera.cpp">
      <Filter>소스 파일</Filter>
    </ClCompile>
    <ClCompile Include="FireBirdScene.cpp">
      <Filter>02. Scripts\05. FireBird</Filter>
    </ClCompile>
    <ClCompile Include="FireBirdBGObject.cpp">
      <Filter>소스 파일</Filter>
    </ClCompile>
    <ClCompile Include="ScrollBG.cpp">
      <Filter>소스 파일</Filter>
    </ClCompile>
    <ClCompile Include="ScrollBGObject.cpp">
      <Filter>소스 파일</Filter>
    </ClCompile>
    <ClCompile Include="JumpState.cpp">
      <Filter>02. Scripts\03. Player\01. State</Filter>
    </ClCompile>
    <ClCompile Include="ClimbingState.cpp">
      <Filter>02. Scripts\03. Player\01. State</Filter>
    </ClCompile>
    <ClCompile Include="ChargeDashState.cpp">
      <Filter>02. Scripts\03. Player\01. State</Filter>
    </ClCompile>
    <ClCompile Include="ExcDashState.cpp">
      <Filter>02. Scripts\03. Player\01. State</Filter>
    </ClCompile>
    <ClCompile Include="ExcState.cpp">
      <Filter>02. Scripts\03. Player\01. State</Filter>
    </ClCompile>
    <ClCompile Include="SwingState.cpp">
      <Filter>02. Scripts\03. Player\01. State</Filter>
    </ClCompile>
    <ClCompile Include="SwingJumpState.cpp">
      <Filter>02. Scripts\03. Player\01. State</Filter>
    </ClCompile>
    <ClCompile Include="FireBirdBGMid01Object.cpp">
      <Filter>소스 파일</Filter>
    </ClCompile>
    <ClCompile Include="FireBirdBGMid02Object.cpp">
      <Filter>소스 파일</Filter>
    </ClCompile>
    <ClCompile Include="Fade.cpp">
      <Filter>소스 파일</Filter>
    </ClCompile>
    <ClCompile Include="FireBirdPlatformObj.cpp">
      <Filter>소스 파일</Filter>
    </ClCompile>
    <ClCompile Include="FireBirdManager.cpp">
      <Filter>소스 파일</Filter>
    </ClCompile>
    <ClCompile Include="ChargeDashAttackState.cpp">
      <Filter>소스 파일</Filter>
    </ClCompile>
    <ClCompile Include="FireBirdPlatform.cpp">
      <Filter>소스 파일</Filter>
    </ClCompile>
    <ClCompile Include="FireBird.cpp">
      <Filter>소스 파일</Filter>
    </ClCompile>
    <ClCompile Include="FireBirdObj.cpp">
      <Filter>소스 파일</Filter>
    </ClCompile>
    <ClCompile Include="WingObj.cpp">
      <Filter>소스 파일</Filter>
    </ClCompile>
    <ClCompile Include="FireBirdWing.cpp">
      <Filter>소스 파일</Filter>
    </ClCompile>
  </ItemGroup>
  <ItemGroup>
    <ResourceCompile Include="APIProject.rc">
      <Filter>리소스 파일</Filter>
    </ResourceCompile>
  </ItemGroup>
  <ItemGroup>
    <Image Include="small.ico">
      <Filter>리소스 파일</Filter>
    </Image>
    <Image Include="APIProject.ico">
      <Filter>리소스 파일</Filter>
    </Image>
  </ItemGroup>
</Project>